
Microsoft Visual Studio Solution File, Format Version 12.00
# Visual Studio Version 16
VisualStudioVersion = 16.0.31205.134
MinimumVisualStudioVersion = 10.0.40219.1
Project("{FAE04EC0-301F-11D3-BF4B-00C04F79EFBC}") = "bai2", "bai2\bai2.csproj", "{14FDC238-BF16-4E8C-A168-A7CFBAC8EA51}"
EndProject
Global
	GlobalSection(SolutionConfigurationPlatforms) = preSolution
		Debug|Any CPU = Debug|Any CPU
		Release|Any CPU = Release|Any CPU
	EndGlobalSection
	GlobalSection(ProjectConfigurationPlatforms) = postSolution
		{14FDC238-BF16-4E8C-A168-A7CFBAC8EA51}.Debug|Any CPU.ActiveCfg = Debug|Any CPU
		{14FDC238-BF16-4E8C-A168-A7CFBAC8EA51}.Debug|Any CPU.Build.0 = Debug|Any CPU
		{14FDC238-BF16-4E8C-A168-A7CFBAC8EA51}.Release|Any CPU.ActiveCfg = Release|Any CPU
		{14FDC238-BF16-4E8C-A168-A7CFBAC8EA51}.Release|Any CPU.Build.0 = Release|Any CPU
	EndGlobalSection
	GlobalSection(SolutionProperties) = preSolution
		HideSolutionNode = FALSE
	EndGlobalSection
	GlobalSection(ExtensibilityGlobals) = postSolution
		SolutionGuid = {E10D0116-31D2-489B-BAC7-290CBA8B724E}
	EndGlobalSection
EndGlobal
